<Solution>
  <Folder Name="/src/">
    <Project Path="src/AIAgentHub.Application/AIAgentHub.Application.csproj" />
    <Project Path="src/AIAgentHub.Domain/AIAgentHub.Domain.csproj" />
    <Project Path="src/AIAgentHub.Infrastructure/AIAgentHub.Infrastructure.csproj" />
    <Project Path="src/AIAgentHub.Web/AIAgentHub.Web.csproj" />
  </Folder>
  <Folder Name="/tests/">
    <Project Path="tests/AgentHub.IntegrationTests/AgentHub.IntegrationTests.csproj" />
    <Project Path="tests/AgentHub.UnitTests/AgentHub.UnitTests.csproj" />
  </Folder>
</Solution>
